
Microsoft Visual Studio Solution File, Format Version 12.00
# Visual Studio Version 17
VisualStudioVersion = 17.11.35327.3
MinimumVisualStudioVersion = 10.0.40219.1
Project("{FAE04EC0-301F-11D3-BF4B-00C04F79EFBC}") = "clearsound", "clearsound\clearsound.csproj", "{4F621D85-215C-46A7-B0D0-E9711159EBFF}"
EndProject
Global
	GlobalSection(SolutionConfigurationPlatforms) = preSolution
		Debug|Any CPU = Debug|Any CPU
		Release|Any CPU = Release|Any CPU
	EndGlobalSection
	GlobalSection(ProjectConfigurationPlatforms) = postSolution
		{4F621D85-215C-46A7-B0D0-E9711159EBFF}.Debug|Any CPU.ActiveCfg = Debug|Any CPU
		{4F621D85-215C-46A7-B0D0-E9711159EBFF}.Debug|Any CPU.Build.0 = Debug|Any CPU
		{4F621D85-215C-46A7-B0D0-E9711159EBFF}.Release|Any CPU.ActiveCfg = Release|Any CPU
		{4F621D85-215C-46A7-B0D0-E9711159EBFF}.Release|Any CPU.Build.0 = Release|Any CPU
	EndGlobalSection
	GlobalSection(SolutionProperties) = preSolution
		HideSolutionNode = FALSE
	EndGlobalSection
	GlobalSection(ExtensibilityGlobals) = postSolution
		SolutionGuid = {84148C92-459D-47A2-903A-662B70F41B7D}
	EndGlobalSection
EndGlobal
